// !$*UTF8*$!
{
	archiveVersion = 1;
	classes = {
	};
	objectVersion = 56;
	objects = {

/* Begin PBXBuildFile section */
		120F50782B4B9EEA00EECD40 /* RepsWorkoutViewController.swift in Sources */ = {isa = PBXBuildFile; fileRef = 120F50772B4B9EEA00EECD40 /* RepsWorkoutViewController.swift */; };
		120F507A2B4BA80A00EECD40 /* WorkoutParametrsView.swift in Sources */ = {isa = PBXBuildFile; fileRef = 120F50792B4BA80A00EECD40 /* WorkoutParametrsView.swift */; };
		120F507F2B4BDB1C00EECD40 /* TimerWorkoutParametrsView.swift in Sources */ = {isa = PBXBuildFile; fileRef = 120F507E2B4BDB1C00EECD40 /* TimerWorkoutParametrsView.swift */; };
		120F50812B4BDB3600EECD40 /* TimerWorkoutViewController.swift in Sources */ = {isa = PBXBuildFile; fileRef = 120F50802B4BDB3600EECD40 /* TimerWorkoutViewController.swift */; };
		120F50832B4BDC5D00EECD40 /* CustomAlert.swift in Sources */ = {isa = PBXBuildFile; fileRef = 120F50822B4BDC5D00EECD40 /* CustomAlert.swift */; };
		124DB1202AE8E064003F0370 /* AppDelegate.swift in Sources */ = {isa = PBXBuildFile; fileRef = 124DB11F2AE8E064003F0370 /* AppDelegate.swift */; };
		124DB1222AE8E064003F0370 /* SceneDelegate.swift in Sources */ = {isa = PBXBuildFile; fileRef = 124DB1212AE8E064003F0370 /* SceneDelegate.swift */; };
		124DB1242AE8E064003F0370 /* MainViewController.swift in Sources */ = {isa = PBXBuildFile; fileRef = 124DB1232AE8E064003F0370 /* MainViewController.swift */; };
		124DB1292AE8E067003F0370 /* Assets.xcassets in Resources */ = {isa = PBXBuildFile; fileRef = 124DB1282AE8E067003F0370 /* Assets.xcassets */; };
		124DB12C2AE8E067003F0370 /* LaunchScreen.storyboard in Resources */ = {isa = PBXBuildFile; fileRef = 124DB12A2AE8E067003F0370 /* LaunchScreen.storyboard */; };
		124DB1372AE8E068003F0370 /* WorkoutAppTests.swift in Sources */ = {isa = PBXBuildFile; fileRef = 124DB1362AE8E068003F0370 /* WorkoutAppTests.swift */; };
		124DB1412AE8E068003F0370 /* WorkoutAppUITests.swift in Sources */ = {isa = PBXBuildFile; fileRef = 124DB1402AE8E068003F0370 /* WorkoutAppUITests.swift */; };
		124DB1432AE8E068003F0370 /* WorkoutAppUITestsLaunchTests.swift in Sources */ = {isa = PBXBuildFile; fileRef = 124DB1422AE8E068003F0370 /* WorkoutAppUITestsLaunchTests.swift */; };
		124DB1592AE8F459003F0370 /* CalendarView.swift in Sources */ = {isa = PBXBuildFile; fileRef = 124DB1582AE8F459003F0370 /* CalendarView.swift */; };
		124DB15B2AE8F47E003F0370 /* CalendarCollectionView.swift in Sources */ = {isa = PBXBuildFile; fileRef = 124DB15A2AE8F47E003F0370 /* CalendarCollectionView.swift */; };
		124DB15D2AE8F49F003F0370 /* WeatherView.swift in Sources */ = {isa = PBXBuildFile; fileRef = 124DB15C2AE8F49F003F0370 /* WeatherView.swift */; };
		124DB1602AE8F4DC003F0370 /* UIColor + Extensions.swift in Sources */ = {isa = PBXBuildFile; fileRef = 124DB15F2AE8F4DC003F0370 /* UIColor + Extensions.swift */; };
		124DB1622AE8F4F7003F0370 /* UIFont + Extensions.swift in Sources */ = {isa = PBXBuildFile; fileRef = 124DB1612AE8F4F7003F0370 /* UIFont + Extensions.swift */; };
		124DB1642AE8F517003F0370 /* UIView + Extensions.swift in Sources */ = {isa = PBXBuildFile; fileRef = 124DB1632AE8F517003F0370 /* UIView + Extensions.swift */; };
		124DB16A2AE8F76C003F0370 /* CalendarCollectionViewCell.swift in Sources */ = {isa = PBXBuildFile; fileRef = 124DB1692AE8F76C003F0370 /* CalendarCollectionViewCell.swift */; };
		1268E2C52AF4B55F00ED3FC3 /* Roboto-Bold.ttf in Resources */ = {isa = PBXBuildFile; fileRef = 1268E2C32AF4B55E00ED3FC3 /* Roboto-Bold.ttf */; };
		1268E2C62AF4B55F00ED3FC3 /* Roboto-Bold.ttf in Resources */ = {isa = PBXBuildFile; fileRef = 1268E2C32AF4B55E00ED3FC3 /* Roboto-Bold.ttf */; };
		1268E2C72AF4B55F00ED3FC3 /* Roboto-Bold.ttf in Resources */ = {isa = PBXBuildFile; fileRef = 1268E2C32AF4B55E00ED3FC3 /* Roboto-Bold.ttf */; };
		1268E2C82AF4B55F00ED3FC3 /* Roboto-Medium.ttf in Resources */ = {isa = PBXBuildFile; fileRef = 1268E2C42AF4B55F00ED3FC3 /* Roboto-Medium.ttf */; };
		1268E2C92AF4B55F00ED3FC3 /* Roboto-Medium.ttf in Resources */ = {isa = PBXBuildFile; fileRef = 1268E2C42AF4B55F00ED3FC3 /* Roboto-Medium.ttf */; };
		1268E2CA2AF4B55F00ED3FC3 /* Roboto-Medium.ttf in Resources */ = {isa = PBXBuildFile; fileRef = 1268E2C42AF4B55F00ED3FC3 /* Roboto-Medium.ttf */; };
		127867252AFDDE9100437517 /* Realm in Frameworks */ = {isa = PBXBuildFile; productRef = 127867242AFDDE9100437517 /* Realm */; };
		127867272AFDDE9100437517 /* RealmSwift in Frameworks */ = {isa = PBXBuildFile; productRef = 127867262AFDDE9100437517 /* RealmSwift */; };
		1278672A2AFDE21100437517 /* SliderType.swift in Sources */ = {isa = PBXBuildFile; fileRef = 127867292AFDE21000437517 /* SliderType.swift */; };
		1278672C2AFE053E00437517 /* Int + Extencion.swift in Sources */ = {isa = PBXBuildFile; fileRef = 1278672B2AFE053E00437517 /* Int + Extencion.swift */; };
		1278672E2AFE0C1B00437517 /* WorkoutModel.swift in Sources */ = {isa = PBXBuildFile; fileRef = 1278672D2AFE0C1B00437517 /* WorkoutModel.swift */; };
		127867302AFF5BEE00437517 /* Date + Extansions.swift in Sources */ = {isa = PBXBuildFile; fileRef = 1278672F2AFF5BEE00437517 /* Date + Extansions.swift */; };
		127867332AFF61C400437517 /* RealmManager.swift in Sources */ = {isa = PBXBuildFile; fileRef = 127867322AFF61C400437517 /* RealmManager.swift */; };
		12A7A7D92AF823A60028CE0F /* MainTableView.swift in Sources */ = {isa = PBXBuildFile; fileRef = 12A7A7D82AF823A60028CE0F /* MainTableView.swift */; };
		12A7A7DB2AF82A1E0028CE0F /* WorkoutTableViewCell.swift in Sources */ = {isa = PBXBuildFile; fileRef = 12A7A7DA2AF82A1E0028CE0F /* WorkoutTableViewCell.swift */; };
		12A7A7DD2AF8423D0028CE0F /* UIStackView + Extancsons.swift in Sources */ = {isa = PBXBuildFile; fileRef = 12A7A7DC2AF8423D0028CE0F /* UIStackView + Extancsons.swift */; };
		12A7A7E32AF880DC0028CE0F /* StatisticViewController.swift in Sources */ = {isa = PBXBuildFile; fileRef = 12A7A7E22AF880DC0028CE0F /* StatisticViewController.swift */; };
		12A7A7E52AF888490028CE0F /* StatisticTableView.swift in Sources */ = {isa = PBXBuildFile; fileRef = 12A7A7E42AF888490028CE0F /* StatisticTableView.swift */; };
		12A7A7E72AF889330028CE0F /* StatisticTableViewCell.swift in Sources */ = {isa = PBXBuildFile; fileRef = 12A7A7E62AF889330028CE0F /* StatisticTableViewCell.swift */; };
		12A7A7EA2AF8B6980028CE0F /* MainTabBarController.swift in Sources */ = {isa = PBXBuildFile; fileRef = 12A7A7E92AF8B6980028CE0F /* MainTabBarController.swift */; };
		12A7A7EF2AF8CA870028CE0F /* NewWorkoutViewsController.swift in Sources */ = {isa = PBXBuildFile; fileRef = 12A7A7EE2AF8CA870028CE0F /* NewWorkoutViewsController.swift */; };
		12A7A7F22AFA00EC0028CE0F /* CloseButton.swift in Sources */ = {isa = PBXBuildFile; fileRef = 12A7A7F12AFA00EC0028CE0F /* CloseButton.swift */; };
		12A7A7F42AFA0D160028CE0F /* NameView.swift in Sources */ = {isa = PBXBuildFile; fileRef = 12A7A7F32AFA0D160028CE0F /* NameView.swift */; };
		12A7A7F62AFA0E480028CE0F /* BrownTextField.swift in Sources */ = {isa = PBXBuildFile; fileRef = 12A7A7F52AFA0E480028CE0F /* BrownTextField.swift */; };
		12A7A7F82AFB496C0028CE0F /* DataAndRepeatView.swift in Sources */ = {isa = PBXBuildFile; fileRef = 12A7A7F72AFB496C0028CE0F /* DataAndRepeatView.swift */; };
		12A7A7FA2AFC7C460028CE0F /* GreenSlider.swift in Sources */ = {isa = PBXBuildFile; fileRef = 12A7A7F92AFC7C460028CE0F /* GreenSlider.swift */; };
		12A7A7FD2AFC7DCC0028CE0F /* SliderView.swift in Sources */ = {isa = PBXBuildFile; fileRef = 12A7A7FC2AFC7DCC0028CE0F /* SliderView.swift */; };
		12A7A7FF2AFC8EA80028CE0F /* RepsOrTimerView.swift in Sources */ = {isa = PBXBuildFile; fileRef = 12A7A7FE2AFC8EA80028CE0F /* RepsOrTimerView.swift */; };
		12A7A8012AFCA4BC0028CE0F /* GreenButton.swift in Sources */ = {isa = PBXBuildFile; fileRef = 12A7A8002AFCA4BC0028CE0F /* GreenButton.swift */; };
		12ACC9D32AF814A600D5DBB8 /* UILabel + Extensions.swift in Sources */ = {isa = PBXBuildFile; fileRef = 12ACC9D22AF814A600D5DBB8 /* UILabel + Extensions.swift */; };
		12B54F8D2B45432F00393D84 /* DifferenceWorkout.swift in Sources */ = {isa = PBXBuildFile; fileRef = 12B54F8C2B45432F00393D84 /* DifferenceWorkout.swift */; };
		12DF06CF2B15C25C0015C4D6 /* UIViewController + Extencions.swift in Sources */ = {isa = PBXBuildFile; fileRef = 12DF06CE2B15C25C0015C4D6 /* UIViewController + Extencions.swift */; };
/* End PBXBuildFile section */

/* Begin PBXContainerItemProxy section */
		124DB1332AE8E068003F0370 /* PBXContainerItemProxy */ = {
			isa = PBXContainerItemProxy;
			containerPortal = 124DB1142AE8E064003F0370 /* Project object */;
			proxyType = 1;
			remoteGlobalIDString = 124DB11B2AE8E064003F0370;
			remoteInfo = WorkoutApp;
		};
		124DB13D2AE8E068003F0370 /* PBXContainerItemProxy */ = {
			isa = PBXContainerItemProxy;
			containerPortal = 124DB1142AE8E064003F0370 /* Project object */;
			proxyType = 1;
			remoteGlobalIDString = 124DB11B2AE8E064003F0370;
			remoteInfo = WorkoutApp;
		};
/* End PBXContainerItemProxy section */

/* Begin PBXFileReference section */
		120F50772B4B9EEA00EECD40 /* RepsWorkoutViewController.swift */ = {isa = PBXFileReference; lastKnownFileType = sourcecode.swift; path = RepsWorkoutViewController.swift; sourceTree = "<group>"; };
		120F50792B4BA80A00EECD40 /* WorkoutParametrsView.swift */ = {isa = PBXFileReference; lastKnownFileType = sourcecode.swift; path = WorkoutParametrsView.swift; sourceTree = "<group>"; };
		120F507E2B4BDB1C00EECD40 /* TimerWorkoutParametrsView.swift */ = {isa = PBXFileReference; lastKnownFileType = sourcecode.swift; path = TimerWorkoutParametrsView.swift; sourceTree = "<group>"; };
		120F50802B4BDB3600EECD40 /* TimerWorkoutViewController.swift */ = {isa = PBXFileReference; lastKnownFileType = sourcecode.swift; path = TimerWorkoutViewController.swift; sourceTree = "<group>"; };
		120F50822B4BDC5D00EECD40 /* CustomAlert.swift */ = {isa = PBXFileReference; lastKnownFileType = sourcecode.swift; path = CustomAlert.swift; sourceTree = "<group>"; };
		124DB11C2AE8E064003F0370 /* WorkoutApp.app */ = {isa = PBXFileReference; explicitFileType = wrapper.application; includeInIndex = 0; path = WorkoutApp.app; sourceTree = BUILT_PRODUCTS_DIR; };
		124DB11F2AE8E064003F0370 /* AppDelegate.swift */ = {isa = PBXFileReference; lastKnownFileType = sourcecode.swift; path = AppDelegate.swift; sourceTree = "<group>"; };
		124DB1212AE8E064003F0370 /* SceneDelegate.swift */ = {isa = PBXFileReference; lastKnownFileType = sourcecode.swift; path = SceneDelegate.swift; sourceTree = "<group>"; };
		124DB1232AE8E064003F0370 /* MainViewController.swift */ = {isa = PBXFileReference; lastKnownFileType = sourcecode.swift; path = MainViewController.swift; sourceTree = "<group>"; };
		124DB1282AE8E067003F0370 /* Assets.xcassets */ = {isa = PBXFileReference; lastKnownFileType = folder.assetcatalog; path = Assets.xcassets; sourceTree = "<group>"; };
		124DB12B2AE8E067003F0370 /* Base */ = {isa = PBXFileReference; lastKnownFileType = file.storyboard; name = Base; path = Base.lproj/LaunchScreen.storyboard; sourceTree = "<group>"; };
		124DB12D2AE8E067003F0370 /* Info.plist */ = {isa = PBXFileReference; lastKnownFileType = text.plist.xml; path = Info.plist; sourceTree = "<group>"; };
		124DB1322AE8E068003F0370 /* WorkoutAppTests.xctest */ = {isa = PBXFileReference; explicitFileType = wrapper.cfbundle; includeInIndex = 0; path = WorkoutAppTests.xctest; sourceTree = BUILT_PRODUCTS_DIR; };
		124DB1362AE8E068003F0370 /* WorkoutAppTests.swift */ = {isa = PBXFileReference; lastKnownFileType = sourcecode.swift; path = WorkoutAppTests.swift; sourceTree = "<group>"; };
		124DB13C2AE8E068003F0370 /* WorkoutAppUITests.xctest */ = {isa = PBXFileReference; explicitFileType = wrapper.cfbundle; includeInIndex = 0; path = WorkoutAppUITests.xctest; sourceTree = BUILT_PRODUCTS_DIR; };
		124DB1402AE8E068003F0370 /* WorkoutAppUITests.swift */ = {isa = PBXFileReference; lastKnownFileType = sourcecode.swift; path = WorkoutAppUITests.swift; sourceTree = "<group>"; };
		124DB1422AE8E068003F0370 /* WorkoutAppUITestsLaunchTests.swift */ = {isa = PBXFileReference; lastKnownFileType = sourcecode.swift; path = WorkoutAppUITestsLaunchTests.swift; sourceTree = "<group>"; };
		124DB1582AE8F459003F0370 /* CalendarView.swift */ = {isa = PBXFileReference; lastKnownFileType = sourcecode.swift; path = CalendarView.swift; sourceTree = "<group>"; };
		124DB15A2AE8F47E003F0370 /* CalendarCollectionView.swift */ = {isa = PBXFileReference; lastKnownFileType = sourcecode.swift; path = CalendarCollectionView.swift; sourceTree = "<group>"; };
		124DB15C2AE8F49F003F0370 /* WeatherView.swift */ = {isa = PBXFileReference; lastKnownFileType = sourcecode.swift; path = WeatherView.swift; sourceTree = "<group>"; };
		124DB15F2AE8F4DC003F0370 /* UIColor + Extensions.swift */ = {isa = PBXFileReference; lastKnownFileType = sourcecode.swift; path = "UIColor + Extensions.swift"; sourceTree = "<group>"; };
		124DB1612AE8F4F7003F0370 /* UIFont + Extensions.swift */ = {isa = PBXFileReference; lastKnownFileType = sourcecode.swift; path = "UIFont + Extensions.swift"; sourceTree = "<group>"; };
		124DB1632AE8F517003F0370 /* UIView + Extensions.swift */ = {isa = PBXFileReference; lastKnownFileType = sourcecode.swift; path = "UIView + Extensions.swift"; sourceTree = "<group>"; };
		124DB1692AE8F76C003F0370 /* CalendarCollectionViewCell.swift */ = {isa = PBXFileReference; lastKnownFileType = sourcecode.swift; path = CalendarCollectionViewCell.swift; sourceTree = "<group>"; };
		1268E2C32AF4B55E00ED3FC3 /* Roboto-Bold.ttf */ = {isa = PBXFileReference; lastKnownFileType = file; path = "Roboto-Bold.ttf"; sourceTree = "<group>"; };
		1268E2C42AF4B55F00ED3FC3 /* Roboto-Medium.ttf */ = {isa = PBXFileReference; lastKnownFileType = file; path = "Roboto-Medium.ttf"; sourceTree = "<group>"; };
		127867292AFDE21000437517 /* SliderType.swift */ = {isa = PBXFileReference; lastKnownFileType = sourcecode.swift; path = SliderType.swift; sourceTree = "<group>"; };
		1278672B2AFE053E00437517 /* Int + Extencion.swift */ = {isa = PBXFileReference; lastKnownFileType = sourcecode.swift; path = "Int + Extencion.swift"; sourceTree = "<group>"; };
		1278672D2AFE0C1B00437517 /* WorkoutModel.swift */ = {isa = PBXFileReference; lastKnownFileType = sourcecode.swift; path = WorkoutModel.swift; sourceTree = "<group>"; };
		1278672F2AFF5BEE00437517 /* Date + Extansions.swift */ = {isa = PBXFileReference; lastKnownFileType = sourcecode.swift; path = "Date + Extansions.swift"; sourceTree = "<group>"; };
		127867322AFF61C400437517 /* RealmManager.swift */ = {isa = PBXFileReference; lastKnownFileType = sourcecode.swift; path = RealmManager.swift; sourceTree = "<group>"; };
		12A7A7D82AF823A60028CE0F /* MainTableView.swift */ = {isa = PBXFileReference; lastKnownFileType = sourcecode.swift; path = MainTableView.swift; sourceTree = "<group>"; };
		12A7A7DA2AF82A1E0028CE0F /* WorkoutTableViewCell.swift */ = {isa = PBXFileReference; lastKnownFileType = sourcecode.swift; path = WorkoutTableViewCell.swift; sourceTree = "<group>"; };
		12A7A7DC2AF8423D0028CE0F /* UIStackView + Extancsons.swift */ = {isa = PBXFileReference; lastKnownFileType = sourcecode.swift; path = "UIStackView + Extancsons.swift"; sourceTree = "<group>"; };
		12A7A7E22AF880DC0028CE0F /* StatisticViewController.swift */ = {isa = PBXFileReference; lastKnownFileType = sourcecode.swift; path = StatisticViewController.swift; sourceTree = "<group>"; };
		12A7A7E42AF888490028CE0F /* StatisticTableView.swift */ = {isa = PBXFileReference; lastKnownFileType = sourcecode.swift; path = StatisticTableView.swift; sourceTree = "<group>"; };
		12A7A7E62AF889330028CE0F /* StatisticTableViewCell.swift */ = {isa = PBXFileReference; lastKnownFileType = sourcecode.swift; path = StatisticTableViewCell.swift; sourceTree = "<group>"; };
		12A7A7E92AF8B6980028CE0F /* MainTabBarController.swift */ = {isa = PBXFileReference; lastKnownFileType = sourcecode.swift; path = MainTabBarController.swift; sourceTree = "<group>"; };
		12A7A7EE2AF8CA870028CE0F /* NewWorkoutViewsController.swift */ = {isa = PBXFileReference; lastKnownFileType = sourcecode.swift; path = NewWorkoutViewsController.swift; sourceTree = "<group>"; };
		12A7A7F12AFA00EC0028CE0F /* CloseButton.swift */ = {isa = PBXFileReference; lastKnownFileType = sourcecode.swift; path = CloseButton.swift; sourceTree = "<group>"; };
		12A7A7F32AFA0D160028CE0F /* NameView.swift */ = {isa = PBXFileReference; lastKnownFileType = sourcecode.swift; path = NameView.swift; sourceTree = "<group>"; };
		12A7A7F52AFA0E480028CE0F /* BrownTextField.swift */ = {isa = PBXFileReference; lastKnownFileType = sourcecode.swift; path = BrownTextField.swift; sourceTree = "<group>"; };
		12A7A7F72AFB496C0028CE0F /* DataAndRepeatView.swift */ = {isa = PBXFileReference; lastKnownFileType = sourcecode.swift; path = DataAndRepeatView.swift; sourceTree = "<group>"; };
		12A7A7F92AFC7C460028CE0F /* GreenSlider.swift */ = {isa = PBXFileReference; lastKnownFileType = sourcecode.swift; path = GreenSlider.swift; sourceTree = "<group>"; };
		12A7A7FC2AFC7DCC0028CE0F /* SliderView.swift */ = {isa = PBXFileReference; lastKnownFileType = sourcecode.swift; path = SliderView.swift; sourceTree = "<group>"; };
		12A7A7FE2AFC8EA80028CE0F /* RepsOrTimerView.swift */ = {isa = PBXFileReference; lastKnownFileType = sourcecode.swift; path = RepsOrTimerView.swift; sourceTree = "<group>"; };
		12A7A8002AFCA4BC0028CE0F /* GreenButton.swift */ = {isa = PBXFileReference; lastKnownFileType = sourcecode.swift; path = GreenButton.swift; sourceTree = "<group>"; };
		12ACC9D22AF814A600D5DBB8 /* UILabel + Extensions.swift */ = {isa = PBXFileReference; lastKnownFileType = sourcecode.swift; path = "UILabel + Extensions.swift"; sourceTree = "<group>"; };
		12B54F8C2B45432F00393D84 /* DifferenceWorkout.swift */ = {isa = PBXFileReference; lastKnownFileType = sourcecode.swift; path = DifferenceWorkout.swift; sourceTree = "<group>"; };
		12DF06CE2B15C25C0015C4D6 /* UIViewController + Extencions.swift */ = {isa = PBXFileReference; lastKnownFileType = sourcecode.swift; path = "UIViewController + Extencions.swift"; sourceTree = "<group>"; };
/* End PBXFileReference section */

/* Begin PBXFrameworksBuildPhase section */
		124DB1192AE8E064003F0370 /* Frameworks */ = {
			isa = PBXFrameworksBuildPhase;
			buildActionMask = 2147483647;
			files = (
				127867272AFDDE9100437517 /* RealmSwift in Frameworks */,
				127867252AFDDE9100437517 /* Realm in Frameworks */,
			);
			runOnlyForDeploymentPostprocessing = 0;
		};
		124DB12F2AE8E068003F0370 /* Frameworks */ = {
			isa = PBXFrameworksBuildPhase;
			buildActionMask = 2147483647;
			files = (
			);
			runOnlyForDeploymentPostprocessing = 0;
		};
		124DB1392AE8E068003F0370 /* Frameworks */ = {
			isa = PBXFrameworksBuildPhase;
			buildActionMask = 2147483647;
			files = (
			);
			runOnlyForDeploymentPostprocessing = 0;
		};
/* End PBXFrameworksBuildPhase section */

/* Begin PBXGroup section */
		120F50742B4B9E8E00EECD40 /* RepsWorkoutModule */ = {
			isa = PBXGroup;
			children = (
				120F50752B4B9EAF00EECD40 /* Views */,
				120F50762B4B9EBA00EECD40 /* Controllers */,
			);
			name = RepsWorkoutModule;
			sourceTree = "<group>";
		};
		120F50752B4B9EAF00EECD40 /* Views */ = {
			isa = PBXGroup;
			children = (
				120F50792B4BA80A00EECD40 /* WorkoutParametrsView.swift */,
			);
			name = Views;
			sourceTree = "<group>";
		};
		120F50762B4B9EBA00EECD40 /* Controllers */ = {
			isa = PBXGroup;
			children = (
				120F50772B4B9EEA00EECD40 /* RepsWorkoutViewController.swift */,
			);
			name = Controllers;
			sourceTree = "<group>";
		};
		120F507B2B4BDAAC00EECD40 /* TimerWorkoutModule */ = {
			isa = PBXGroup;
			children = (
				120F507C2B4BDACC00EECD40 /* Views */,
				120F507D2B4BDADB00EECD40 /* Controllers */,
			);
			name = TimerWorkoutModule;
			sourceTree = "<group>";
		};
		120F507C2B4BDACC00EECD40 /* Views */ = {
			isa = PBXGroup;
			children = (
				120F507E2B4BDB1C00EECD40 /* TimerWorkoutParametrsView.swift */,
			);
			name = Views;
			sourceTree = "<group>";
		};
		120F507D2B4BDADB00EECD40 /* Controllers */ = {
			isa = PBXGroup;
			children = (
				120F50802B4BDB3600EECD40 /* TimerWorkoutViewController.swift */,
			);
			name = Controllers;
			sourceTree = "<group>";
		};
		124DB1132AE8E064003F0370 = {
			isa = PBXGroup;
			children = (
				124DB11E2AE8E064003F0370 /* WorkoutApp */,
				124DB1352AE8E068003F0370 /* WorkoutAppTests */,
				124DB13F2AE8E068003F0370 /* WorkoutAppUITests */,
				124DB11D2AE8E064003F0370 /* Products */,
			);
			sourceTree = "<group>";
		};
		124DB11D2AE8E064003F0370 /* Products */ = {
			isa = PBXGroup;
			children = (
				124DB11C2AE8E064003F0370 /* WorkoutApp.app */,
				124DB1322AE8E068003F0370 /* WorkoutAppTests.xctest */,
				124DB13C2AE8E068003F0370 /* WorkoutAppUITests.xctest */,
			);
			name = Products;
			sourceTree = "<group>";
		};
		124DB11E2AE8E064003F0370 /* WorkoutApp */ = {
			isa = PBXGroup;
			children = (
				124DB1502AE8F341003F0370 /* Applicaton */,
				12A7A7E82AF8B6640028CE0F /* NavigationModule */,
				124DB1512AE8F358003F0370 /* MainModule */,
				12A7A7EB2AF8C0030028CE0F /* NewWorkooutModule */,
				120F50742B4B9E8E00EECD40 /* RepsWorkoutModule */,
				120F507B2B4BDAAC00EECD40 /* TimerWorkoutModule */,
				12A7A7DE2AF8801B0028CE0F /* StatisticModule */,
				127867312AFF619600437517 /* Service */,
				124DB1522AE8F36F003F0370 /* Extansions */,
				124DB14F2AE8F32A003F0370 /* SupportingFiles */,
			);
			path = WorkoutApp;
			sourceTree = "<group>";
		};
		124DB1352AE8E068003F0370 /* WorkoutAppTests */ = {
			isa = PBXGroup;
			children = (
				124DB1362AE8E068003F0370 /* WorkoutAppTests.swift */,
			);
			path = WorkoutAppTests;
			sourceTree = "<group>";
		};
		124DB13F2AE8E068003F0370 /* WorkoutAppUITests */ = {
			isa = PBXGroup;
			children = (
				124DB1402AE8E068003F0370 /* WorkoutAppUITests.swift */,
				124DB1422AE8E068003F0370 /* WorkoutAppUITestsLaunchTests.swift */,
			);
			path = WorkoutAppUITests;
			sourceTree = "<group>";
		};
		124DB14F2AE8F32A003F0370 /* SupportingFiles */ = {
			isa = PBXGroup;
			children = (
				1268E2C22AF4B50B00ED3FC3 /* Fonts */,
				124DB12D2AE8E067003F0370 /* Info.plist */,
				124DB12A2AE8E067003F0370 /* LaunchScreen.storyboard */,
				124DB1282AE8E067003F0370 /* Assets.xcassets */,
			);
			name = SupportingFiles;
			sourceTree = "<group>";
		};
		124DB1502AE8F341003F0370 /* Applicaton */ = {
			isa = PBXGroup;
			children = (
				124DB1212AE8E064003F0370 /* SceneDelegate.swift */,
				124DB11F2AE8E064003F0370 /* AppDelegate.swift */,
			);
			name = Applicaton;
			sourceTree = "<group>";
		};
		124DB1512AE8F358003F0370 /* MainModule */ = {
			isa = PBXGroup;
			children = (
				124DB1542AE8F3D2003F0370 /* Models */,
				124DB1552AE8F3DD003F0370 /* Views */,
				124DB1562AE8F3E6003F0370 /* Controllers */,
			);
			name = MainModule;
			sourceTree = "<group>";
		};
		124DB1522AE8F36F003F0370 /* Extansions */ = {
			isa = PBXGroup;
			children = (
				12A7A7F02AFA00D40028CE0F /* Components */,
				124DB15E2AE8F4BC003F0370 /* UIKit */,
				1278672B2AFE053E00437517 /* Int + Extencion.swift */,
				1278672F2AFF5BEE00437517 /* Date + Extansions.swift */,
			);
			name = Extansions;
			sourceTree = "<group>";
		};
		124DB1542AE8F3D2003F0370 /* Models */ = {
			isa = PBXGroup;
			children = (
				1278672D2AFE0C1B00437517 /* WorkoutModel.swift */,
			);
			name = Models;
			sourceTree = "<group>";
		};
		124DB1552AE8F3DD003F0370 /* Views */ = {
			isa = PBXGroup;
			children = (
				124DB1572AE8F40A003F0370 /* Cells */,
				124DB1582AE8F459003F0370 /* CalendarView.swift */,
				124DB15A2AE8F47E003F0370 /* CalendarCollectionView.swift */,
				124DB15C2AE8F49F003F0370 /* WeatherView.swift */,
				12A7A7D82AF823A60028CE0F /* MainTableView.swift */,
			);
			name = Views;
			sourceTree = "<group>";
		};
		124DB1562AE8F3E6003F0370 /* Controllers */ = {
			isa = PBXGroup;
			children = (
				124DB1232AE8E064003F0370 /* MainViewController.swift */,
			);
			name = Controllers;
			sourceTree = "<group>";
		};
		124DB1572AE8F40A003F0370 /* Cells */ = {
			isa = PBXGroup;
			children = (
				124DB1692AE8F76C003F0370 /* CalendarCollectionViewCell.swift */,
				12A7A7DA2AF82A1E0028CE0F /* WorkoutTableViewCell.swift */,
			);
			name = Cells;
			sourceTree = "<group>";
		};
		124DB15E2AE8F4BC003F0370 /* UIKit */ = {
			isa = PBXGroup;
			children = (
				124DB15F2AE8F4DC003F0370 /* UIColor + Extensions.swift */,
				124DB1612AE8F4F7003F0370 /* UIFont + Extensions.swift */,
				124DB1632AE8F517003F0370 /* UIView + Extensions.swift */,
				12ACC9D22AF814A600D5DBB8 /* UILabel + Extensions.swift */,
				12A7A7DC2AF8423D0028CE0F /* UIStackView + Extancsons.swift */,
				12DF06CE2B15C25C0015C4D6 /* UIViewController + Extencions.swift */,
			);
			name = UIKit;
			sourceTree = "<group>";
		};
		1268E2C22AF4B50B00ED3FC3 /* Fonts */ = {
			isa = PBXGroup;
			children = (
				1268E2C32AF4B55E00ED3FC3 /* Roboto-Bold.ttf */,
				1268E2C42AF4B55F00ED3FC3 /* Roboto-Medium.ttf */,
			);
			name = Fonts;
			sourceTree = "<group>";
		};
		127867282AFDE1DB00437517 /* Model */ = {
			isa = PBXGroup;
			children = (
				127867292AFDE21000437517 /* SliderType.swift */,
			);
			name = Model;
			sourceTree = "<group>";
		};
		127867312AFF619600437517 /* Service */ = {
			isa = PBXGroup;
			children = (
				127867322AFF61C400437517 /* RealmManager.swift */,
			);
			name = Service;
			sourceTree = "<group>";
		};
		12A7A7DE2AF8801B0028CE0F /* StatisticModule */ = {
			isa = PBXGroup;
			children = (
				12B54F8B2B45430800393D84 /* Models */,
				12A7A7DF2AF880790028CE0F /* Views */,
				12A7A7E02AF880890028CE0F /* Controllers */,
			);
			name = StatisticModule;
			sourceTree = "<group>";
		};
		12A7A7DF2AF880790028CE0F /* Views */ = {
			isa = PBXGroup;
			children = (
				12A7A7E42AF888490028CE0F /* StatisticTableView.swift */,
				12A7A7E12AF880A00028CE0F /* Cells */,
			);
			name = Views;
			sourceTree = "<group>";
		};
		12A7A7E02AF880890028CE0F /* Controllers */ = {
			isa = PBXGroup;
			children = (
				12A7A7E22AF880DC0028CE0F /* StatisticViewController.swift */,
			);
			name = Controllers;
			sourceTree = "<group>";
		};
		12A7A7E12AF880A00028CE0F /* Cells */ = {
			isa = PBXGroup;
			children = (
				12A7A7E62AF889330028CE0F /* StatisticTableViewCell.swift */,
			);
			name = Cells;
			sourceTree = "<group>";
		};
		12A7A7E82AF8B6640028CE0F /* NavigationModule */ = {
			isa = PBXGroup;
			children = (
				12A7A7E92AF8B6980028CE0F /* MainTabBarController.swift */,
			);
			name = NavigationModule;
			sourceTree = "<group>";
		};
		12A7A7EB2AF8C0030028CE0F /* NewWorkooutModule */ = {
			isa = PBXGroup;
			children = (
				127867282AFDE1DB00437517 /* Model */,
				12A7A7EC2AF8C01A0028CE0F /* Views */,
				12A7A7ED2AF8C0280028CE0F /* Controllers */,
			);
			name = NewWorkooutModule;
			sourceTree = "<group>";
		};
		12A7A7EC2AF8C01A0028CE0F /* Views */ = {
			isa = PBXGroup;
			children = (
				12A7A7FB2AFC7D870028CE0F /* SubViews */,
				12A7A7F32AFA0D160028CE0F /* NameView.swift */,
				12A7A7F72AFB496C0028CE0F /* DataAndRepeatView.swift */,
				12A7A7FE2AFC8EA80028CE0F /* RepsOrTimerView.swift */,
			);
			name = Views;
			sourceTree = "<group>";
		};
		12A7A7ED2AF8C0280028CE0F /* Controllers */ = {
			isa = PBXGroup;
			children = (
				12A7A7EE2AF8CA870028CE0F /* NewWorkoutViewsController.swift */,
			);
			name = Controllers;
			sourceTree = "<group>";
		};
		12A7A7F02AFA00D40028CE0F /* Components */ = {
			isa = PBXGroup;
			children = (
				12A7A7F12AFA00EC0028CE0F /* CloseButton.swift */,
				12A7A7F52AFA0E480028CE0F /* BrownTextField.swift */,
				12A7A7F92AFC7C460028CE0F /* GreenSlider.swift */,
				12A7A8002AFCA4BC0028CE0F /* GreenButton.swift */,
				120F50822B4BDC5D00EECD40 /* CustomAlert.swift */,
			);
			name = Components;
			sourceTree = "<group>";
		};
		12A7A7FB2AFC7D870028CE0F /* SubViews */ = {
			isa = PBXGroup;
			children = (
				12A7A7FC2AFC7DCC0028CE0F /* SliderView.swift */,
			);
			name = SubViews;
			sourceTree = "<group>";
		};
		12B54F8B2B45430800393D84 /* Models */ = {
			isa = PBXGroup;
			children = (
				12B54F8C2B45432F00393D84 /* DifferenceWorkout.swift */,
			);
			name = Models;
			sourceTree = "<group>";
		};
/* End PBXGroup section */

/* Begin PBXNativeTarget section */
		124DB11B2AE8E064003F0370 /* WorkoutApp */ = {
			isa = PBXNativeTarget;
			buildConfigurationList = 124DB1462AE8E068003F0370 /* Build configuration list for PBXNativeTarget "WorkoutApp" */;
			buildPhases = (
				124DB1182AE8E064003F0370 /* Sources */,
				124DB1192AE8E064003F0370 /* Frameworks */,
				124DB11A2AE8E064003F0370 /* Resources */,
			);
			buildRules = (
			);
			dependencies = (
			);
			name = WorkoutApp;
			packageProductDependencies = (
				127867242AFDDE9100437517 /* Realm */,
				127867262AFDDE9100437517 /* RealmSwift */,
			);
			productName = WorkoutApp;
			productReference = 124DB11C2AE8E064003F0370 /* WorkoutApp.app */;
			productType = "com.apple.product-type.application";
		};
		124DB1312AE8E068003F0370 /* WorkoutAppTests */ = {
			isa = PBXNativeTarget;
			buildConfigurationList = 124DB1492AE8E068003F0370 /* Build configuration list for PBXNativeTarget "WorkoutAppTests" */;
			buildPhases = (
				124DB12E2AE8E068003F0370 /* Sources */,
				124DB12F2AE8E068003F0370 /* Frameworks */,
				124DB1302AE8E068003F0370 /* Resources */,
			);
			buildRules = (
			);
			dependencies = (
				124DB1342AE8E068003F0370 /* PBXTargetDependency */,
			);
			name = WorkoutAppTests;
			productName = WorkoutAppTests;
			productReference = 124DB1322AE8E068003F0370 /* WorkoutAppTests.xctest */;
			productType = "com.apple.product-type.bundle.unit-test";
		};
		124DB13B2AE8E068003F0370 /* WorkoutAppUITests */ = {
			isa = PBXNativeTarget;
			buildConfigurationList = 124DB14C2AE8E068003F0370 /* Build configuration list for PBXNativeTarget "WorkoutAppUITests" */;
			buildPhases = (
				124DB1382AE8E068003F0370 /* Sources */,
				124DB1392AE8E068003F0370 /* Frameworks */,
				124DB13A2AE8E068003F0370 /* Resources */,
			);
			buildRules = (
			);
			dependencies = (
				124DB13E2AE8E068003F0370 /* PBXTargetDependency */,
			);
			name = WorkoutAppUITests;
			productName = WorkoutAppUITests;
			productReference = 124DB13C2AE8E068003F0370 /* WorkoutAppUITests.xctest */;
			productType = "com.apple.product-type.bundle.ui-testing";
		};
/* End PBXNativeTarget section */

/* Begin PBXProject section */
		124DB1142AE8E064003F0370 /* Project object */ = {
			isa = PBXProject;
			attributes = {
				BuildIndependentTargetsInParallel = 1;
				LastSwiftUpdateCheck = 1500;
				LastUpgradeCheck = 1500;
				TargetAttributes = {
					124DB11B2AE8E064003F0370 = {
						CreatedOnToolsVersion = 15.0.1;
					};
					124DB1312AE8E068003F0370 = {
						CreatedOnToolsVersion = 15.0.1;
						TestTargetID = 124DB11B2AE8E064003F0370;
					};
					124DB13B2AE8E068003F0370 = {
						CreatedOnToolsVersion = 15.0.1;
						TestTargetID = 124DB11B2AE8E064003F0370;
					};
				};
			};
			buildConfigurationList = 124DB1172AE8E064003F0370 /* Build configuration list for PBXProject "WorkoutApp" */;
			compatibilityVersion = "Xcode 14.0";
			developmentRegion = en;
			hasScannedForEncodings = 0;
			knownRegions = (
				en,
				Base,
			);
			mainGroup = 124DB1132AE8E064003F0370;
			packageReferences = (
				127867232AFDDE9100437517 /* XCRemoteSwiftPackageReference "realm-swift" */,
			);
			productRefGroup = 124DB11D2AE8E064003F0370 /* Products */;
			projectDirPath = "";
			projectRoot = "";
			targets = (
				124DB11B2AE8E064003F0370 /* WorkoutApp */,
				124DB1312AE8E068003F0370 /* WorkoutAppTests */,
				124DB13B2AE8E068003F0370 /* WorkoutAppUITests */,
			);
		};
/* End PBXProject section */

/* Begin PBXResourcesBuildPhase section */
		124DB11A2AE8E064003F0370 /* Resources */ = {
			isa = PBXResourcesBuildPhase;
			buildActionMask = 2147483647;
			files = (
				1268E2C82AF4B55F00ED3FC3 /* Roboto-Medium.ttf in Resources */,
				124DB12C2AE8E067003F0370 /* LaunchScreen.storyboard in Resources */,
				124DB1292AE8E067003F0370 /* Assets.xcassets in Resources */,
				1268E2C52AF4B55F00ED3FC3 /* Roboto-Bold.ttf in Resources */,
			);
			runOnlyForDeploymentPostprocessing = 0;
		};
		124DB1302AE8E068003F0370 /* Resources */ = {
			isa = PBXResourcesBuildPhase;
			buildActionMask = 2147483647;
			files = (
				1268E2C92AF4B55F00ED3FC3 /* Roboto-Medium.ttf in Resources */,
				1268E2C62AF4B55F00ED3FC3 /* Roboto-Bold.ttf in Resources */,
			);
			runOnlyForDeploymentPostprocessing = 0;
		};
		124DB13A2AE8E068003F0370 /* Resources */ = {
			isa = PBXResourcesBuildPhase;
			buildActionMask = 2147483647;
			files = (
				1268E2CA2AF4B55F00ED3FC3 /* Roboto-Medium.ttf in Resources */,
				1268E2C72AF4B55F00ED3FC3 /* Roboto-Bold.ttf in Resources */,
			);
			runOnlyForDeploymentPostprocessing = 0;
		};
/* End PBXResourcesBuildPhase section */

/* Begin PBXSourcesBuildPhase section */
		124DB1182AE8E064003F0370 /* Sources */ = {
			isa = PBXSourcesBuildPhase;
			buildActionMask = 2147483647;
			files = (
				124DB15B2AE8F47E003F0370 /* CalendarCollectionView.swift in Sources */,
				12A7A7FF2AFC8EA80028CE0F /* RepsOrTimerView.swift in Sources */,
				120F507F2B4BDB1C00EECD40 /* TimerWorkoutParametrsView.swift in Sources */,
				12ACC9D32AF814A600D5DBB8 /* UILabel + Extensions.swift in Sources */,
				120F50782B4B9EEA00EECD40 /* RepsWorkoutViewController.swift in Sources */,
				12A7A7F42AFA0D160028CE0F /* NameView.swift in Sources */,
				12A7A7EF2AF8CA870028CE0F /* NewWorkoutViewsController.swift in Sources */,
				120F507A2B4BA80A00EECD40 /* WorkoutParametrsView.swift in Sources */,
				12A7A7FD2AFC7DCC0028CE0F /* SliderView.swift in Sources */,
				12A7A7EA2AF8B6980028CE0F /* MainTabBarController.swift in Sources */,
				124DB1242AE8E064003F0370 /* MainViewController.swift in Sources */,
				1278672A2AFDE21100437517 /* SliderType.swift in Sources */,
				12A7A7E32AF880DC0028CE0F /* StatisticViewController.swift in Sources */,
				124DB1202AE8E064003F0370 /* AppDelegate.swift in Sources */,
				1278672E2AFE0C1B00437517 /* WorkoutModel.swift in Sources */,
				12A7A7FA2AFC7C460028CE0F /* GreenSlider.swift in Sources */,
				120F50812B4BDB3600EECD40 /* TimerWorkoutViewController.swift in Sources */,
				124DB1602AE8F4DC003F0370 /* UIColor + Extensions.swift in Sources */,
				12A7A7F62AFA0E480028CE0F /* BrownTextField.swift in Sources */,
				127867302AFF5BEE00437517 /* Date + Extansions.swift in Sources */,
				124DB16A2AE8F76C003F0370 /* CalendarCollectionViewCell.swift in Sources */,
				12A7A7D92AF823A60028CE0F /* MainTableView.swift in Sources */,
				12A7A7F22AFA00EC0028CE0F /* CloseButton.swift in Sources */,
				124DB1622AE8F4F7003F0370 /* UIFont + Extensions.swift in Sources */,
				12B54F8D2B45432F00393D84 /* DifferenceWorkout.swift in Sources */,
				12A7A7DB2AF82A1E0028CE0F /* WorkoutTableViewCell.swift in Sources */,
				12A7A7DD2AF8423D0028CE0F /* UIStackView + Extancsons.swift in Sources */,
				12DF06CF2B15C25C0015C4D6 /* UIViewController + Extencions.swift in Sources */,
				124DB15D2AE8F49F003F0370 /* WeatherView.swift in Sources */,
				124DB1592AE8F459003F0370 /* CalendarView.swift in Sources */,
				1278672C2AFE053E00437517 /* Int + Extencion.swift in Sources */,
				127867332AFF61C400437517 /* RealmManager.swift in Sources */,
				124DB1642AE8F517003F0370 /* UIView + Extensions.swift in Sources */,
				12A7A7F82AFB496C0028CE0F /* DataAndRepeatView.swift in Sources */,
				12A7A7E72AF889330028CE0F /* StatisticTableViewCell.swift in Sources */,
				12A7A7E52AF888490028CE0F /* StatisticTableView.swift in Sources */,
				120F50832B4BDC5D00EECD40 /* CustomAlert.swift in Sources */,
				12A7A8012AFCA4BC0028CE0F /* GreenButton.swift in Sources */,
				124DB1222AE8E064003F0370 /* SceneDelegate.swift in Sources */,
			);
			runOnlyForDeploymentPostprocessing = 0;
		};
		124DB12E2AE8E068003F0370 /* Sources */ = {
			isa = PBXSourcesBuildPhase;
			buildActionMask = 2147483647;
			files = (
				124DB1372AE8E068003F0370 /* WorkoutAppTests.swift in Sources */,
			);
			runOnlyForDeploymentPostprocessing = 0;
		};
		124DB1382AE8E068003F0370 /* Sources */ = {
			isa = PBXSourcesBuildPhase;
			buildActionMask = 2147483647;
			files = (
				124DB1432AE8E068003F0370 /* WorkoutAppUITestsLaunchTests.swift in Sources */,
				124DB1412AE8E068003F0370 /* WorkoutAppUITests.swift in Sources */,
			);
			runOnlyForDeploymentPostprocessing = 0;
		};
/* End PBXSourcesBuildPhase section */

/* Begin PBXTargetDependency section */
		124DB1342AE8E068003F0370 /* PBXTargetDependency */ = {
			isa = PBXTargetDependency;
			target = 124DB11B2AE8E064003F0370 /* WorkoutApp */;
			targetProxy = 124DB1332AE8E068003F0370 /* PBXContainerItemProxy */;
		};
		124DB13E2AE8E068003F0370 /* PBXTargetDependency */ = {
			isa = PBXTargetDependency;
			target = 124DB11B2AE8E064003F0370 /* WorkoutApp */;
			targetProxy = 124DB13D2AE8E068003F0370 /* PBXContainerItemProxy */;
		};
/* End PBXTargetDependency section */

/* Begin PBXVariantGroup section */
		124DB12A2AE8E067003F0370 /* LaunchScreen.storyboard */ = {
			isa = PBXVariantGroup;
			children = (
				124DB12B2AE8E067003F0370 /* Base */,
			);
			name = LaunchScreen.storyboard;
			sourceTree = "<group>";
		};
/* End PBXVariantGroup section */

/* Begin XCBuildConfiguration section */
		124DB1442AE8E068003F0370 /* Debug */ = {
			isa = XCBuildConfiguration;
			buildSettings = {
				ALWAYS_SEARCH_USER_PATHS = NO;
				ASSETCATALOG_COMPILER_GENERATE_SWIFT_ASSET_SYMBOL_EXTENSIONS = YES;
				CLANG_ANALYZER_NONNULL = YES;
				CLANG_ANALYZER_NUMBER_OBJECT_CONVERSION = YES_AGGRESSIVE;
				CLANG_CXX_LANGUAGE_STANDARD = "gnu++20";
				CLANG_ENABLE_MODULES = YES;
				CLANG_ENABLE_OBJC_ARC = YES;
				CLANG_ENABLE_OBJC_WEAK = YES;
				CLANG_WARN_BLOCK_CAPTURE_AUTORELEASING = YES;
				CLANG_WARN_BOOL_CONVERSION = YES;
				CLANG_WARN_COMMA = YES;
				CLANG_WARN_CONSTANT_CONVERSION = YES;
				CLANG_WARN_DEPRECATED_OBJC_IMPLEMENTATIONS = YES;
				CLANG_WARN_DIRECT_OBJC_ISA_USAGE = YES_ERROR;
				CLANG_WARN_DOCUMENTATION_COMMENTS = YES;
				CLANG_WARN_EMPTY_BODY = YES;
				CLANG_WARN_ENUM_CONVERSION = YES;
				CLANG_WARN_INFINITE_RECURSION = YES;
				CLANG_WARN_INT_CONVERSION = YES;
				CLANG_WARN_NON_LITERAL_NULL_CONVERSION = YES;
				CLANG_WARN_OBJC_IMPLICIT_RETAIN_SELF = YES;
				CLANG_WARN_OBJC_LITERAL_CONVERSION = YES;
				CLANG_WARN_OBJC_ROOT_CLASS = YES_ERROR;
				CLANG_WARN_QUOTED_INCLUDE_IN_FRAMEWORK_HEADER = YES;
				CLANG_WARN_RANGE_LOOP_ANALYSIS = YES;
				CLANG_WARN_STRICT_PROTOTYPES = YES;
				CLANG_WARN_SUSPICIOUS_MOVE = YES;
				CLANG_WARN_UNGUARDED_AVAILABILITY = YES_AGGRESSIVE;
				CLANG_WARN_UNREACHABLE_CODE = YES;
				CLANG_WARN__DUPLICATE_METHOD_MATCH = YES;
				COPY_PHASE_STRIP = NO;
				DEBUG_INFORMATION_FORMAT = dwarf;
				ENABLE_STRICT_OBJC_MSGSEND = YES;
				ENABLE_TESTABILITY = YES;
				ENABLE_USER_SCRIPT_SANDBOXING = YES;
				GCC_C_LANGUAGE_STANDARD = gnu17;
				GCC_DYNAMIC_NO_PIC = NO;
				GCC_NO_COMMON_BLOCKS = YES;
				GCC_OPTIMIZATION_LEVEL = 0;
				GCC_PREPROCESSOR_DEFINITIONS = (
					"DEBUG=1",
					"$(inherited)",
				);
				GCC_WARN_64_TO_32_BIT_CONVERSION = YES;
				GCC_WARN_ABOUT_RETURN_TYPE = YES_ERROR;
				GCC_WARN_UNDECLARED_SELECTOR = YES;
				GCC_WARN_UNINITIALIZED_AUTOS = YES_AGGRESSIVE;
				GCC_WARN_UNUSED_FUNCTION = YES;
				GCC_WARN_UNUSED_VARIABLE = YES;
				IPHONEOS_DEPLOYMENT_TARGET = 17.0;
				LOCALIZATION_PREFERS_STRING_CATALOGS = YES;
				MTL_ENABLE_DEBUG_INFO = INCLUDE_SOURCE;
				MTL_FAST_MATH = YES;
				ONLY_ACTIVE_ARCH = YES;
				SDKROOT = iphoneos;
				SWIFT_ACTIVE_COMPILATION_CONDITIONS = "DEBUG $(inherited)";
				SWIFT_OPTIMIZATION_LEVEL = "-Onone";
			};
			name = Debug;
		};
		124DB1452AE8E068003F0370 /* Release */ = {
			isa = XCBuildConfiguration;
			buildSettings = {
				ALWAYS_SEARCH_USER_PATHS = NO;
				ASSETCATALOG_COMPILER_GENERATE_SWIFT_ASSET_SYMBOL_EXTENSIONS = YES;
				CLANG_ANALYZER_NONNULL = YES;
				CLANG_ANALYZER_NUMBER_OBJECT_CONVERSION = YES_AGGRESSIVE;
				CLANG_CXX_LANGUAGE_STANDARD = "gnu++20";
				CLANG_ENABLE_MODULES = YES;
				CLANG_ENABLE_OBJC_ARC = YES;
				CLANG_ENABLE_OBJC_WEAK = YES;
				CLANG_WARN_BLOCK_CAPTURE_AUTORELEASING = YES;
				CLANG_WARN_BOOL_CONVERSION = YES;
				CLANG_WARN_COMMA = YES;
				CLANG_WARN_CONSTANT_CONVERSION = YES;
				CLANG_WARN_DEPRECATED_OBJC_IMPLEMENTATIONS = YES;
				CLANG_WARN_DIRECT_OBJC_ISA_USAGE = YES_ERROR;
				CLANG_WARN_DOCUMENTATION_COMMENTS = YES;
				CLANG_WARN_EMPTY_BODY = YES;
				CLANG_WARN_ENUM_CONVERSION = YES;
				CLANG_WARN_INFINITE_RECURSION = YES;
				CLANG_WARN_INT_CONVERSION = YES;
				CLANG_WARN_NON_LITERAL_NULL_CONVERSION = YES;
				CLANG_WARN_OBJC_IMPLICIT_RETAIN_SELF = YES;
				CLANG_WARN_OBJC_LITERAL_CONVERSION = YES;
				CLANG_WARN_OBJC_ROOT_CLASS = YES_ERROR;
				CLANG_WARN_QUOTED_INCLUDE_IN_FRAMEWORK_HEADER = YES;
				CLANG_WARN_RANGE_LOOP_ANALYSIS = YES;
				CLANG_WARN_STRICT_PROTOTYPES = YES;
				CLANG_WARN_SUSPICIOUS_MOVE = YES;
				CLANG_WARN_UNGUARDED_AVAILABILITY = YES_AGGRESSIVE;
				CLANG_WARN_UNREACHABLE_CODE = YES;
				CLANG_WARN__DUPLICATE_METHOD_MATCH = YES;
				COPY_PHASE_STRIP = NO;
				DEBUG_INFORMATION_FORMAT = "dwarf-with-dsym";
				ENABLE_NS_ASSERTIONS = NO;
				ENABLE_STRICT_OBJC_MSGSEND = YES;
				ENABLE_USER_SCRIPT_SANDBOXING = YES;
				GCC_C_LANGUAGE_STANDARD = gnu17;
				GCC_NO_COMMON_BLOCKS = YES;
				GCC_WARN_64_TO_32_BIT_CONVERSION = YES;
				GCC_WARN_ABOUT_RETURN_TYPE = YES_ERROR;
				GCC_WARN_UNDECLARED_SELECTOR = YES;
				GCC_WARN_UNINITIALIZED_AUTOS = YES_AGGRESSIVE;
				GCC_WARN_UNUSED_FUNCTION = YES;
				GCC_WARN_UNUSED_VARIABLE = YES;
				IPHONEOS_DEPLOYMENT_TARGET = 17.0;
				LOCALIZATION_PREFERS_STRING_CATALOGS = YES;
				MTL_ENABLE_DEBUG_INFO = NO;
				MTL_FAST_MATH = YES;
				SDKROOT = iphoneos;
				SWIFT_COMPILATION_MODE = wholemodule;
				VALIDATE_PRODUCT = YES;
			};
			name = Release;
		};
		124DB1472AE8E068003F0370 /* Debug */ = {
			isa = XCBuildConfiguration;
			buildSettings = {
				ASSETCATALOG_COMPILER_APPICON_NAME = AppIcon;
				ASSETCATALOG_COMPILER_GLOBAL_ACCENT_COLOR_NAME = AccentColor;
				CODE_SIGN_STYLE = Automatic;
				CURRENT_PROJECT_VERSION = 1;
				DEVELOPMENT_TEAM = 7J6C95TMNY;
				GENERATE_INFOPLIST_FILE = YES;
				INFOPLIST_FILE = WorkoutApp/Info.plist;
				INFOPLIST_KEY_UIApplicationSupportsIndirectInputEvents = YES;
				INFOPLIST_KEY_UILaunchStoryboardName = LaunchScreen;
				INFOPLIST_KEY_UIMainStoryboardFile = "";
				INFOPLIST_KEY_UISupportedInterfaceOrientations_iPad = "UIInterfaceOrientationPortrait UIInterfaceOrientationPortraitUpsideDown UIInterfaceOrientationLandscapeLeft UIInterfaceOrientationLandscapeRight";
				INFOPLIST_KEY_UISupportedInterfaceOrientations_iPhone = "UIInterfaceOrientationPortrait UIInterfaceOrientationLandscapeLeft UIInterfaceOrientationLandscapeRight";
				LD_RUNPATH_SEARCH_PATHS = (
					"$(inherited)",
					"@executable_path/Frameworks",
				);
				MARKETING_VERSION = 1.0;
				PRODUCT_BUNDLE_IDENTIFIER = PavelAbramov.WorkoutApp;
				PRODUCT_NAME = "$(TARGET_NAME)";
				SWIFT_EMIT_LOC_STRINGS = YES;
				SWIFT_VERSION = 5.0;
				TARGETED_DEVICE_FAMILY = "1,2";
			};
			name = Debug;
		};
		124DB1482AE8E068003F0370 /* Release */ = {
			isa = XCBuildConfiguration;
			buildSettings = {
				ASSETCATALOG_COMPILER_APPICON_NAME = AppIcon;
				ASSETCATALOG_COMPILER_GLOBAL_ACCENT_COLOR_NAME = AccentColor;
				CODE_SIGN_STYLE = Automatic;
				CURRENT_PROJECT_VERSION = 1;
				DEVELOPMENT_TEAM = 7J6C95TMNY;
				GENERATE_INFOPLIST_FILE = YES;
				INFOPLIST_FILE = WorkoutApp/Info.plist;
				INFOPLIST_KEY_UIApplicationSupportsIndirectInputEvents = YES;
				INFOPLIST_KEY_UILaunchStoryboardName = LaunchScreen;
				INFOPLIST_KEY_UIMainStoryboardFile = "";
				INFOPLIST_KEY_UISupportedInterfaceOrientations_iPad = "UIInterfaceOrientationPortrait UIInterfaceOrientationPortraitUpsideDown UIInterfaceOrientationLandscapeLeft UIInterfaceOrientationLandscapeRight";
				INFOPLIST_KEY_UISupportedInterfaceOrientations_iPhone = "UIInterfaceOrientationPortrait UIInterfaceOrientationLandscapeLeft UIInterfaceOrientationLandscapeRight";
				LD_RUNPATH_SEARCH_PATHS = (
					"$(inherited)",
					"@executable_path/Frameworks",
				);
				MARKETING_VERSION = 1.0;
				PRODUCT_BUNDLE_IDENTIFIER = PavelAbramov.WorkoutApp;
				PRODUCT_NAME = "$(TARGET_NAME)";
				SWIFT_EMIT_LOC_STRINGS = YES;
				SWIFT_VERSION = 5.0;
				TARGETED_DEVICE_FAMILY = "1,2";
			};
			name = Release;
		};
		124DB14A2AE8E068003F0370 /* Debug */ = {
			isa = XCBuildConfiguration;
			buildSettings = {
				ALWAYS_EMBED_SWIFT_STANDARD_LIBRARIES = YES;
				BUNDLE_LOADER = "$(TEST_HOST)";
				CODE_SIGN_STYLE = Automatic;
				CURRENT_PROJECT_VERSION = 1;
				GENERATE_INFOPLIST_FILE = YES;
				IPHONEOS_DEPLOYMENT_TARGET = 17.0;
				MARKETING_VERSION = 1.0;
				PRODUCT_BUNDLE_IDENTIFIER = PavelAbramov.WorkoutAppTests;
				PRODUCT_NAME = "$(TARGET_NAME)";
				SWIFT_EMIT_LOC_STRINGS = NO;
				SWIFT_VERSION = 5.0;
				TARGETED_DEVICE_FAMILY = "1,2";
				TEST_HOST = "$(BUILT_PRODUCTS_DIR)/WorkoutApp.app/$(BUNDLE_EXECUTABLE_FOLDER_PATH)/WorkoutApp";
			};
			name = Debug;
		};
		124DB14B2AE8E068003F0370 /* Release */ = {
			isa = XCBuildConfiguration;
			buildSettings = {
				ALWAYS_EMBED_SWIFT_STANDARD_LIBRARIES = YES;
				BUNDLE_LOADER = "$(TEST_HOST)";
				CODE_SIGN_STYLE = Automatic;
				CURRENT_PROJECT_VERSION = 1;
				GENERATE_INFOPLIST_FILE = YES;
				IPHONEOS_DEPLOYMENT_TARGET = 17.0;
				MARKETING_VERSION = 1.0;
				PRODUCT_BUNDLE_IDENTIFIER = PavelAbramov.WorkoutAppTests;
				PRODUCT_NAME = "$(TARGET_NAME)";
				SWIFT_EMIT_LOC_STRINGS = NO;
				SWIFT_VERSION = 5.0;
				TARGETED_DEVICE_FAMILY = "1,2";
				TEST_HOST = "$(BUILT_PRODUCTS_DIR)/WorkoutApp.app/$(BUNDLE_EXECUTABLE_FOLDER_PATH)/WorkoutApp";
			};
			name = Release;
		};
		124DB14D2AE8E068003F0370 /* Debug */ = {
			isa = XCBuildConfiguration;
			buildSettings = {
				ALWAYS_EMBED_SWIFT_STANDARD_LIBRARIES = YES;
				CODE_SIGN_STYLE = Automatic;
				CURRENT_PROJECT_VERSION = 1;
				GENERATE_INFOPLIST_FILE = YES;
				MARKETING_VERSION = 1.0;
				PRODUCT_BUNDLE_IDENTIFIER = PavelAbramov.WorkoutAppUITests;
				PRODUCT_NAME = "$(TARGET_NAME)";
				SWIFT_EMIT_LOC_STRINGS = NO;
				SWIFT_VERSION = 5.0;
				TARGETED_DEVICE_FAMILY = "1,2";
				TEST_TARGET_NAME = WorkoutApp;
			};
			name = Debug;
		};
		124DB14E2AE8E068003F0370 /* Release */ = {
			isa = XCBuildConfiguration;
			buildSettings = {
				ALWAYS_EMBED_SWIFT_STANDARD_LIBRARIES = YES;
				CODE_SIGN_STYLE = Automatic;
				CURRENT_PROJECT_VERSION = 1;
				GENERATE_INFOPLIST_FILE = YES;
				MARKETING_VERSION = 1.0;
				PRODUCT_BUNDLE_IDENTIFIER = PavelAbramov.WorkoutAppUITests;
				PRODUCT_NAME = "$(TARGET_NAME)";
				SWIFT_EMIT_LOC_STRINGS = NO;
				SWIFT_VERSION = 5.0;
				TARGETED_DEVICE_FAMILY = "1,2";
				TEST_TARGET_NAME = WorkoutApp;
			};
			name = Release;
		};
/* End XCBuildConfiguration section */

/* Begin XCConfigurationList section */
		124DB1172AE8E064003F0370 /* Build configuration list for PBXProject "WorkoutApp" */ = {
			isa = XCConfigurationList;
			buildConfigurations = (
				124DB1442AE8E068003F0370 /* Debug */,
				124DB1452AE8E068003F0370 /* Release */,
			);
			defaultConfigurationIsVisible = 0;
			defaultConfigurationName = Release;
		};
		124DB1462AE8E068003F0370 /* Build configuration list for PBXNativeTarget "WorkoutApp" */ = {
			isa = XCConfigurationList;
			buildConfigurations = (
				124DB1472AE8E068003F0370 /* Debug */,
				124DB1482AE8E068003F0370 /* Release */,
			);
			defaultConfigurationIsVisible = 0;
			defaultConfigurationName = Release;
		};
		124DB1492AE8E068003F0370 /* Build configuration list for PBXNativeTarget "WorkoutAppTests" */ = {
			isa = XCConfigurationList;
			buildConfigurations = (
				124DB14A2AE8E068003F0370 /* Debug */,
				124DB14B2AE8E068003F0370 /* Release */,
			);
			defaultConfigurationIsVisible = 0;
			defaultConfigurationName = Release;
		};
		124DB14C2AE8E068003F0370 /* Build configuration list for PBXNativeTarget "WorkoutAppUITests" */ = {
			isa = XCConfigurationList;
			buildConfigurations = (
				124DB14D2AE8E068003F0370 /* Debug */,
				124DB14E2AE8E068003F0370 /* Release */,
			);
			defaultConfigurationIsVisible = 0;
			defaultConfigurationName = Release;
		};
/* End XCConfigurationList section */

/* Begin XCRemoteSwiftPackageReference section */
		127867232AFDDE9100437517 /* XCRemoteSwiftPackageReference "realm-swift" */ = {
			isa = XCRemoteSwiftPackageReference;
			repositoryURL = "https://github.com/realm/realm-swift.git";
			requirement = {
				branch = master;
				kind = branch;
			};
		};
/* End XCRemoteSwiftPackageReference section */

/* Begin XCSwiftPackageProductDependency section */
		127867242AFDDE9100437517 /* Realm */ = {
			isa = XCSwiftPackageProductDependency;
			package = 127867232AFDDE9100437517 /* XCRemoteSwiftPackageReference "realm-swift" */;
			productName = Realm;
		};
		127867262AFDDE9100437517 /* RealmSwift */ = {
			isa = XCSwiftPackageProductDependency;
			package = 127867232AFDDE9100437517 /* XCRemoteSwiftPackageReference "realm-swift" */;
			productName = RealmSwift;
		};
/* End XCSwiftPackageProductDependency section */
	};
	rootObject = 124DB1142AE8E064003F0370 /* Project object */;
}
